// !$*UTF8*$!
{
	archiveVersion = 1;
	classes = {
	};
	objectVersion = 56;
	objects = {

/* Begin PBXBuildFile section */
		0337EFED2B6245190072AAA3 /* MC3ProjectApp.swift in Sources */ = {isa = PBXBuildFile; fileRef = 0337EFEC2B6245190072AAA3 /* MC3ProjectApp.swift */; };
		0337EFEF2B6245190072AAA3 /* ContentView.swift in Sources */ = {isa = PBXBuildFile; fileRef = 0337EFEE2B6245190072AAA3 /* ContentView.swift */; };
		0337EFF12B62451B0072AAA3 /* Assets.xcassets in Resources */ = {isa = PBXBuildFile; fileRef = 0337EFF02B62451B0072AAA3 /* Assets.xcassets */; };
		0337EFF42B62451B0072AAA3 /* Preview Assets.xcassets in Resources */ = {isa = PBXBuildFile; fileRef = 0337EFF32B62451B0072AAA3 /* Preview Assets.xcassets */; };
		0337F0012B624A790072AAA3 /* ModelTestFile.swift in Sources */ = {isa = PBXBuildFile; fileRef = 0337F0002B624A790072AAA3 /* ModelTestFile.swift */; };
		0337F0032B624AFF0072AAA3 /* ComponentsTestFile.swift in Sources */ = {isa = PBXBuildFile; fileRef = 0337F0022B624AFF0072AAA3 /* ComponentsTestFile.swift */; };
		0337F0052B624B0A0072AAA3 /* ViewModelTestFile.swift in Sources */ = {isa = PBXBuildFile; fileRef = 0337F0042B624B0A0072AAA3 /* ViewModelTestFile.swift */; };
		0337F0072B624B1C0072AAA3 /* ViewsTestFile.swift in Sources */ = {isa = PBXBuildFile; fileRef = 0337F0062B624B1C0072AAA3 /* ViewsTestFile.swift */; };
		86140B462B6A2FB2002A0E62 /* DetailsView.swift in Sources */ = {isa = PBXBuildFile; fileRef = 86140B452B6A2FB2002A0E62 /* DetailsView.swift */; };
		C98492442B662B8B0013BE72 /* FavView.swift in Sources */ = {isa = PBXBuildFile; fileRef = C98492432B662B8B0013BE72 /* FavView.swift */; };
		C98492462B662C4B0013BE72 /* FavRow.swift in Sources */ = {isa = PBXBuildFile; fileRef = C98492452B662C4B0013BE72 /* FavRow.swift */; };
		C98492482B6649950013BE72 /* CommentView.swift in Sources */ = {isa = PBXBuildFile; fileRef = C98492472B6649950013BE72 /* CommentView.swift */; };
/* End PBXBuildFile section */

/* Begin PBXFileReference section */
		0337EFE92B6245190072AAA3 /* MC3Project.app */ = {isa = PBXFileReference; explicitFileType = wrapper.application; includeInIndex = 0; path = MC3Project.app; sourceTree = BUILT_PRODUCTS_DIR; };
		0337EFEC2B6245190072AAA3 /* MC3ProjectApp.swift */ = {isa = PBXFileReference; lastKnownFileType = sourcecode.swift; path = MC3ProjectApp.swift; sourceTree = "<group>"; };
		0337EFEE2B6245190072AAA3 /* ContentView.swift */ = {isa = PBXFileReference; lastKnownFileType = sourcecode.swift; path = ContentView.swift; sourceTree = "<group>"; };
		0337EFF02B62451B0072AAA3 /* Assets.xcassets */ = {isa = PBXFileReference; lastKnownFileType = folder.assetcatalog; path = Assets.xcassets; sourceTree = "<group>"; };
		0337EFF32B62451B0072AAA3 /* Preview Assets.xcassets */ = {isa = PBXFileReference; lastKnownFileType = folder.assetcatalog; path = "Preview Assets.xcassets"; sourceTree = "<group>"; };
		0337F0002B624A790072AAA3 /* ModelTestFile.swift */ = {isa = PBXFileReference; lastKnownFileType = sourcecode.swift; path = ModelTestFile.swift; sourceTree = "<group>"; };
		0337F0022B624AFF0072AAA3 /* ComponentsTestFile.swift */ = {isa = PBXFileReference; lastKnownFileType = sourcecode.swift; path = ComponentsTestFile.swift; sourceTree = "<group>"; };
		0337F0042B624B0A0072AAA3 /* ViewModelTestFile.swift */ = {isa = PBXFileReference; lastKnownFileType = sourcecode.swift; path = ViewModelTestFile.swift; sourceTree = "<group>"; };
		0337F0062B624B1C0072AAA3 /* ViewsTestFile.swift */ = {isa = PBXFileReference; lastKnownFileType = sourcecode.swift; path = ViewsTestFile.swift; sourceTree = "<group>"; };
		86140B452B6A2FB2002A0E62 /* DetailsView.swift */ = {isa = PBXFileReference; lastKnownFileType = sourcecode.swift; path = DetailsView.swift; sourceTree = "<group>"; };
		C98492432B662B8B0013BE72 /* FavView.swift */ = {isa = PBXFileReference; lastKnownFileType = sourcecode.swift; path = FavView.swift; sourceTree = "<group>"; };
		C98492452B662C4B0013BE72 /* FavRow.swift */ = {isa = PBXFileReference; lastKnownFileType = sourcecode.swift; path = FavRow.swift; sourceTree = "<group>"; };
		C98492472B6649950013BE72 /* CommentView.swift */ = {isa = PBXFileReference; lastKnownFileType = sourcecode.swift; path = CommentView.swift; sourceTree = "<group>"; };
/* End PBXFileReference section */

/* Begin PBXFrameworksBuildPhase section */
		0337EFE62B6245190072AAA3 /* Frameworks */ = {
			isa = PBXFrameworksBuildPhase;
			buildActionMask = 2147483647;
			files = (
			);
			runOnlyForDeploymentPostprocessing = 0;
		};
/* End PBXFrameworksBuildPhase section */

/* Begin PBXGroup section */
		0337EFE02B6245190072AAA3 = {
			isa = PBXGroup;
			children = (
				0337EFEB2B6245190072AAA3 /* MC3Project */,
				0337EFEA2B6245190072AAA3 /* Products */,
			);
			sourceTree = "<group>";
		};
		0337EFEA2B6245190072AAA3 /* Products */ = {
			isa = PBXGroup;
			children = (
				0337EFE92B6245190072AAA3 /* MC3Project.app */,
			);
			name = Products;
			sourceTree = "<group>";
		};
		0337EFEB2B6245190072AAA3 /* MC3Project */ = {
			isa = PBXGroup;
			children = (
				0337EFFE2B62458B0072AAA3 /* App */,
				0337EFFF2B6245AF0072AAA3 /* Components */,
				0337EFFD2B6245650072AAA3 /* Core */,
				0337EFFC2B62453F0072AAA3 /* Models */,
				0337EFFB2B6245360072AAA3 /* ViewModel */,
				0337EFFA2B6245220072AAA3 /* Views */,
				0337EFF02B62451B0072AAA3 /* Assets.xcassets */,
				0337EFF22B62451B0072AAA3 /* Preview Content */,
			);
			path = MC3Project;
			sourceTree = "<group>";
		};
		0337EFF22B62451B0072AAA3 /* Preview Content */ = {
			isa = PBXGroup;
			children = (
				0337EFF32B62451B0072AAA3 /* Preview Assets.xcassets */,
			);
			path = "Preview Content";
			sourceTree = "<group>";
		};
		0337EFFA2B6245220072AAA3 /* Views */ = {
			isa = PBXGroup;
			children = (
				0337F0062B624B1C0072AAA3 /* ViewsTestFile.swift */,
				C98492432B662B8B0013BE72 /* FavView.swift */,
				C98492472B6649950013BE72 /* CommentView.swift */,
				C98492452B662C4B0013BE72 /* FavRow.swift */,
				86140B452B6A2FB2002A0E62 /* DetailsView.swift */,
			);
			path = Views;
			sourceTree = "<group>";
		};
		0337EFFB2B6245360072AAA3 /* ViewModel */ = {
			isa = PBXGroup;
			children = (
				0337F0042B624B0A0072AAA3 /* ViewModelTestFile.swift */,
			);
			path = ViewModel;
			sourceTree = "<group>";
		};
		0337EFFC2B62453F0072AAA3 /* Models */ = {
			isa = PBXGroup;
			children = (
				0337F0002B624A790072AAA3 /* ModelTestFile.swift */,
			);
			path = Models;
			sourceTree = "<group>";
		};
		0337EFFD2B6245650072AAA3 /* Core */ = {
			isa = PBXGroup;
			children = (
				0337EFEE2B6245190072AAA3 /* ContentView.swift */,
			);
			path = Core;
			sourceTree = "<group>";
		};
		0337EFFE2B62458B0072AAA3 /* App */ = {
			isa = PBXGroup;
			children = (
				0337EFEC2B6245190072AAA3 /* MC3ProjectApp.swift */,
			);
			path = App;
			sourceTree = "<group>";
		};
		0337EFFF2B6245AF0072AAA3 /* Components */ = {
			isa = PBXGroup;
			children = (
				0337F0022B624AFF0072AAA3 /* ComponentsTestFile.swift */,
			);
			path = Components;
			sourceTree = "<group>";
		};
/* End PBXGroup section */

/* Begin PBXNativeTarget section */
		0337EFE82B6245190072AAA3 /* MC3Project */ = {
			isa = PBXNativeTarget;
			buildConfigurationList = 0337EFF72B62451B0072AAA3 /* Build configuration list for PBXNativeTarget "MC3Project" */;
			buildPhases = (
				0337EFE52B6245190072AAA3 /* Sources */,
				0337EFE62B6245190072AAA3 /* Frameworks */,
				0337EFE72B6245190072AAA3 /* Resources */,
			);
			buildRules = (
			);
			dependencies = (
			);
			name = MC3Project;
			productName = MC3Project;
			productReference = 0337EFE92B6245190072AAA3 /* MC3Project.app */;
			productType = "com.apple.product-type.application";
		};
/* End PBXNativeTarget section */

/* Begin PBXProject section */
		0337EFE12B6245190072AAA3 /* Project object */ = {
			isa = PBXProject;
			attributes = {
				BuildIndependentTargetsInParallel = 1;
				LastSwiftUpdateCheck = 1510;
				LastUpgradeCheck = 1510;
				TargetAttributes = {
					0337EFE82B6245190072AAA3 = {
						CreatedOnToolsVersion = 15.1;
					};
				};
			};
			buildConfigurationList = 0337EFE42B6245190072AAA3 /* Build configuration list for PBXProject "MC3Project" */;
			compatibilityVersion = "Xcode 14.0";
			developmentRegion = en;
			hasScannedForEncodings = 0;
			knownRegions = (
				en,
				Base,
			);
			mainGroup = 0337EFE02B6245190072AAA3;
			productRefGroup = 0337EFEA2B6245190072AAA3 /* Products */;
			projectDirPath = "";
			projectRoot = "";
			targets = (
				0337EFE82B6245190072AAA3 /* MC3Project */,
			);
		};
/* End PBXProject section */

/* Begin PBXResourcesBuildPhase section */
		0337EFE72B6245190072AAA3 /* Resources */ = {
			isa = PBXResourcesBuildPhase;
			buildActionMask = 2147483647;
			files = (
				0337EFF42B62451B0072AAA3 /* Preview Assets.xcassets in Resources */,
				0337EFF12B62451B0072AAA3 /* Assets.xcassets in Resources */,
			);
			runOnlyForDeploymentPostprocessing = 0;
		};
/* End PBXResourcesBuildPhase section */

/* Begin PBXSourcesBuildPhase section */
		0337EFE52B6245190072AAA3 /* Sources */ = {
			isa = PBXSourcesBuildPhase;
			buildActionMask = 2147483647;
			files = (
				C98492482B6649950013BE72 /* CommentView.swift in Sources */,
				86140B462B6A2FB2002A0E62 /* DetailsView.swift in Sources */,
				C98492442B662B8B0013BE72 /* FavView.swift in Sources */,
				0337F0012B624A790072AAA3 /* ModelTestFile.swift in Sources */,
				0337F0032B624AFF0072AAA3 /* ComponentsTestFile.swift in Sources */,
				0337F0072B624B1C0072AAA3 /* ViewsTestFile.swift in Sources */,
				C98492462B662C4B0013BE72 /* FavRow.swift in Sources */,
				0337F0052B624B0A0072AAA3 /* ViewModelTestFile.swift in Sources */,
				0337EFEF2B6245190072AAA3 /* ContentView.swift in Sources */,
				0337EFED2B6245190072AAA3 /* MC3ProjectApp.swift in Sources */,
			);
			runOnlyForDeploymentPostprocessing = 0;
		};
/* End PBXSourcesBuildPhase section */

/* Begin XCBuildConfiguration section */
		0337EFF52B62451B0072AAA3 /* Debug */ = {
			isa = XCBuildConfiguration;
			buildSettings = {
				ALWAYS_SEARCH_USER_PATHS = NO;
				ASSETCATALOG_COMPILER_GENERATE_SWIFT_ASSET_SYMBOL_EXTENSIONS = YES;
				CLANG_ANALYZER_NONNULL = YES;
				CLANG_ANALYZER_NUMBER_OBJECT_CONVERSION = YES_AGGRESSIVE;
				CLANG_CXX_LANGUAGE_STANDARD = "gnu++20";
				CLANG_ENABLE_MODULES = YES;
				CLANG_ENABLE_OBJC_ARC = YES;
				CLANG_ENABLE_OBJC_WEAK = YES;
				CLANG_WARN_BLOCK_CAPTURE_AUTORELEASING = YES;
				CLANG_WARN_BOOL_CONVERSION = YES;
				CLANG_WARN_COMMA = YES;
				CLANG_WARN_CONSTANT_CONVERSION = YES;
				CLANG_WARN_DEPRECATED_OBJC_IMPLEMENTATIONS = YES;
				CLANG_WARN_DIRECT_OBJC_ISA_USAGE = YES_ERROR;
				CLANG_WARN_DOCUMENTATION_COMMENTS = YES;
				CLANG_WARN_EMPTY_BODY = YES;
				CLANG_WARN_ENUM_CONVERSION = YES;
				CLANG_WARN_INFINITE_RECURSION = YES;
				CLANG_WARN_INT_CONVERSION = YES;
				CLANG_WARN_NON_LITERAL_NULL_CONVERSION = YES;
				CLANG_WARN_OBJC_IMPLICIT_RETAIN_SELF = YES;
				CLANG_WARN_OBJC_LITERAL_CONVERSION = YES;
				CLANG_WARN_OBJC_ROOT_CLASS = YES_ERROR;
				CLANG_WARN_QUOTED_INCLUDE_IN_FRAMEWORK_HEADER = YES;
				CLANG_WARN_RANGE_LOOP_ANALYSIS = YES;
				CLANG_WARN_STRICT_PROTOTYPES = YES;
				CLANG_WARN_SUSPICIOUS_MOVE = YES;
				CLANG_WARN_UNGUARDED_AVAILABILITY = YES_AGGRESSIVE;
				CLANG_WARN_UNREACHABLE_CODE = YES;
				CLANG_WARN__DUPLICATE_METHOD_MATCH = YES;
				COPY_PHASE_STRIP = NO;
				DEBUG_INFORMATION_FORMAT = dwarf;
				ENABLE_STRICT_OBJC_MSGSEND = YES;
				ENABLE_TESTABILITY = YES;
				ENABLE_USER_SCRIPT_SANDBOXING = YES;
				GCC_C_LANGUAGE_STANDARD = gnu17;
				GCC_DYNAMIC_NO_PIC = NO;
				GCC_NO_COMMON_BLOCKS = YES;
				GCC_OPTIMIZATION_LEVEL = 0;
				GCC_PREPROCESSOR_DEFINITIONS = (
					"DEBUG=1",
					"$(inherited)",
				);
				GCC_WARN_64_TO_32_BIT_CONVERSION = YES;
				GCC_WARN_ABOUT_RETURN_TYPE = YES_ERROR;
				GCC_WARN_UNDECLARED_SELECTOR = YES;
				GCC_WARN_UNINITIALIZED_AUTOS = YES_AGGRESSIVE;
				GCC_WARN_UNUSED_FUNCTION = YES;
				GCC_WARN_UNUSED_VARIABLE = YES;
				IPHONEOS_DEPLOYMENT_TARGET = 17.2;
				LOCALIZATION_PREFERS_STRING_CATALOGS = YES;
				MTL_ENABLE_DEBUG_INFO = INCLUDE_SOURCE;
				MTL_FAST_MATH = YES;
				ONLY_ACTIVE_ARCH = YES;
				SDKROOT = iphoneos;
				SWIFT_ACTIVE_COMPILATION_CONDITIONS = "DEBUG $(inherited)";
				SWIFT_OPTIMIZATION_LEVEL = "-Onone";
			};
			name = Debug;
		};
		0337EFF62B62451B0072AAA3 /* Release */ = {
			isa = XCBuildConfiguration;
			buildSettings = {
				ALWAYS_SEARCH_USER_PATHS = NO;
				ASSETCATALOG_COMPILER_GENERATE_SWIFT_ASSET_SYMBOL_EXTENSIONS = YES;
				CLANG_ANALYZER_NONNULL = YES;
				CLANG_ANALYZER_NUMBER_OBJECT_CONVERSION = YES_AGGRESSIVE;
				CLANG_CXX_LANGUAGE_STANDARD = "gnu++20";
				CLANG_ENABLE_MODULES = YES;
				CLANG_ENABLE_OBJC_ARC = YES;
				CLANG_ENABLE_OBJC_WEAK = YES;
				CLANG_WARN_BLOCK_CAPTURE_AUTORELEASING = YES;
				CLANG_WARN_BOOL_CONVERSION = YES;
				CLANG_WARN_COMMA = YES;
				CLANG_WARN_CONSTANT_CONVERSION = YES;
				CLANG_WARN_DEPRECATED_OBJC_IMPLEMENTATIONS = YES;
				CLANG_WARN_DIRECT_OBJC_ISA_USAGE = YES_ERROR;
				CLANG_WARN_DOCUMENTATION_COMMENTS = YES;
				CLANG_WARN_EMPTY_BODY = YES;
				CLANG_WARN_ENUM_CONVERSION = YES;
				CLANG_WARN_INFINITE_RECURSION = YES;
				CLANG_WARN_INT_CONVERSION = YES;
				CLANG_WARN_NON_LITERAL_NULL_CONVERSION = YES;
				CLANG_WARN_OBJC_IMPLICIT_RETAIN_SELF = YES;
				CLANG_WARN_OBJC_LITERAL_CONVERSION = YES;
				CLANG_WARN_OBJC_ROOT_CLASS = YES_ERROR;
				CLANG_WARN_QUOTED_INCLUDE_IN_FRAMEWORK_HEADER = YES;
				CLANG_WARN_RANGE_LOOP_ANALYSIS = YES;
				CLANG_WARN_STRICT_PROTOTYPES = YES;
				CLANG_WARN_SUSPICIOUS_MOVE = YES;
				CLANG_WARN_UNGUARDED_AVAILABILITY = YES_AGGRESSIVE;
				CLANG_WARN_UNREACHABLE_CODE = YES;
				CLANG_WARN__DUPLICATE_METHOD_MATCH = YES;
				COPY_PHASE_STRIP = NO;
				DEBUG_INFORMATION_FORMAT = "dwarf-with-dsym";
				ENABLE_NS_ASSERTIONS = NO;
				ENABLE_STRICT_OBJC_MSGSEND = YES;
				ENABLE_USER_SCRIPT_SANDBOXING = YES;
				GCC_C_LANGUAGE_STANDARD = gnu17;
				GCC_NO_COMMON_BLOCKS = YES;
				GCC_WARN_64_TO_32_BIT_CONVERSION = YES;
				GCC_WARN_ABOUT_RETURN_TYPE = YES_ERROR;
				GCC_WARN_UNDECLARED_SELECTOR = YES;
				GCC_WARN_UNINITIALIZED_AUTOS = YES_AGGRESSIVE;
				GCC_WARN_UNUSED_FUNCTION = YES;
				GCC_WARN_UNUSED_VARIABLE = YES;
				IPHONEOS_DEPLOYMENT_TARGET = 17.2;
				LOCALIZATION_PREFERS_STRING_CATALOGS = YES;
				MTL_ENABLE_DEBUG_INFO = NO;
				MTL_FAST_MATH = YES;
				SDKROOT = iphoneos;
				SWIFT_COMPILATION_MODE = wholemodule;
				VALIDATE_PRODUCT = YES;
			};
			name = Release;
		};
		0337EFF82B62451B0072AAA3 /* Debug */ = {
			isa = XCBuildConfiguration;
			buildSettings = {
				ASSETCATALOG_COMPILER_APPICON_NAME = AppIcon;
				ASSETCATALOG_COMPILER_GLOBAL_ACCENT_COLOR_NAME = AccentColor;
				CODE_SIGN_STYLE = Automatic;
				CURRENT_PROJECT_VERSION = 1;
				DEVELOPMENT_ASSET_PATHS = "\"MC3Project/Preview Content\"";
				DEVELOPMENT_TEAM = T863KR374G;
				ENABLE_PREVIEWS = YES;
				GENERATE_INFOPLIST_FILE = YES;
				INFOPLIST_KEY_UIApplicationSceneManifest_Generation = YES;
				INFOPLIST_KEY_UIApplicationSupportsIndirectInputEvents = YES;
				INFOPLIST_KEY_UILaunchScreen_Generation = YES;
				INFOPLIST_KEY_UISupportedInterfaceOrientations_iPad = "UIInterfaceOrientationPortrait UIInterfaceOrientationPortraitUpsideDown UIInterfaceOrientationLandscapeLeft UIInterfaceOrientationLandscapeRight";
				INFOPLIST_KEY_UISupportedInterfaceOrientations_iPhone = "UIInterfaceOrientationPortrait UIInterfaceOrientationLandscapeLeft UIInterfaceOrientationLandscapeRight";
				LD_RUNPATH_SEARCH_PATHS = (
					"$(inherited)",
					"@executable_path/Frameworks",
				);
				MARKETING_VERSION = 1.0;
				PRODUCT_BUNDLE_IDENTIFIER = Abrar.MC3Project;
				PRODUCT_NAME = "$(TARGET_NAME)";
				SWIFT_EMIT_LOC_STRINGS = YES;
				SWIFT_VERSION = 5.0;
				TARGETED_DEVICE_FAMILY = "1,2";
			};
			name = Debug;
		};
		0337EFF92B62451B0072AAA3 /* Release */ = {
			isa = XCBuildConfiguration;
			buildSettings = {
				ASSETCATALOG_COMPILER_APPICON_NAME = AppIcon;
				ASSETCATALOG_COMPILER_GLOBAL_ACCENT_COLOR_NAME = AccentColor;
				CODE_SIGN_STYLE = Automatic;
				CURRENT_PROJECT_VERSION = 1;
				DEVELOPMENT_ASSET_PATHS = "\"MC3Project/Preview Content\"";
				DEVELOPMENT_TEAM = T863KR374G;
				ENABLE_PREVIEWS = YES;
				GENERATE_INFOPLIST_FILE = YES;
				INFOPLIST_KEY_UIApplicationSceneManifest_Generation = YES;
				INFOPLIST_KEY_UIApplicationSupportsIndirectInputEvents = YES;
				INFOPLIST_KEY_UILaunchScreen_Generation = YES;
				INFOPLIST_KEY_UISupportedInterfaceOrientations_iPad = "UIInterfaceOrientationPortrait UIInterfaceOrientationPortraitUpsideDown UIInterfaceOrientationLandscapeLeft UIInterfaceOrientationLandscapeRight";
				INFOPLIST_KEY_UISupportedInterfaceOrientations_iPhone = "UIInterfaceOrientationPortrait UIInterfaceOrientationLandscapeLeft UIInterfaceOrientationLandscapeRight";
				LD_RUNPATH_SEARCH_PATHS = (
					"$(inherited)",
					"@executable_path/Frameworks",
				);
				MARKETING_VERSION = 1.0;
				PRODUCT_BUNDLE_IDENTIFIER = Abrar.MC3Project;
				PRODUCT_NAME = "$(TARGET_NAME)";
				SWIFT_EMIT_LOC_STRINGS = YES;
				SWIFT_VERSION = 5.0;
				TARGETED_DEVICE_FAMILY = "1,2";
			};
			name = Release;
		};
/* End XCBuildConfiguration section */

/* Begin XCConfigurationList section */
		0337EFE42B6245190072AAA3 /* Build configuration list for PBXProject "MC3Project" */ = {
			isa = XCConfigurationList;
			buildConfigurations = (
				0337EFF52B62451B0072AAA3 /* Debug */,
				0337EFF62B62451B0072AAA3 /* Release */,
			);
			defaultConfigurationIsVisible = 0;
			defaultConfigurationName = Release;
		};
		0337EFF72B62451B0072AAA3 /* Build configuration list for PBXNativeTarget "MC3Project" */ = {
			isa = XCConfigurationList;
			buildConfigurations = (
				0337EFF82B62451B0072AAA3 /* Debug */,
				0337EFF92B62451B0072AAA3 /* Release */,
			);
			defaultConfigurationIsVisible = 0;
			defaultConfigurationName = Release;
		};
/* End XCConfigurationList section */
	};
	rootObject = 0337EFE12B6245190072AAA3 /* Project object */;
}
